
Microsoft Visual Studio Solution File, Format Version 12.00
# Visual Studio Version 17
VisualStudioVersion = 17.5.33530.505
MinimumVisualStudioVersion = 10.0.40219.1
Project("{9A19103F-16F7-4668-BE54-9A1E7A4F7556}") = "NonprofitVirtualAssistant", "NonprofitVirtualAssistant\NonprofitVirtualAssistant.csproj", "{6E9635E9-C5AC-4B34-97F9-A7A0BEA0D2B1}"
EndProject
Global
	GlobalSection(SolutionConfigurationPlatforms) = preSolution
		Debug|Any CPU = Debug|Any CPU
		Release|Any CPU = Release|Any CPU
	EndGlobalSection
	GlobalSection(ProjectConfigurationPlatforms) = postSolution
		{6E9635E9-C5AC-4B34-97F9-A7A0BEA0D2B1}.Debug|Any CPU.ActiveCfg = Debug|Any CPU
		{6E9635E9-C5AC-4B34-97F9-A7A0BEA0D2B1}.Debug|Any CPU.Build.0 = Debug|Any CPU
		{6E9635E9-C5AC-4B34-97F9-A7A0BEA0D2B1}.Debug|Any CPU.Deploy.0 = Debug|Any CPU
		{6E9635E9-C5AC-4B34-97F9-A7A0BEA0D2B1}.Release|Any CPU.ActiveCfg = Release|Any CPU
		{6E9635E9-C5AC-4B34-97F9-A7A0BEA0D2B1}.Release|Any CPU.Build.0 = Release|Any CPU
		{6E9635E9-C5AC-4B34-97F9-A7A0BEA0D2B1}.Release|Any CPU.Deploy.0 = Release|Any CPU
	EndGlobalSection
	GlobalSection(SolutionProperties) = preSolution
		HideSolutionNode = FALSE
	EndGlobalSection
	GlobalSection(ExtensibilityGlobals) = postSolution
		SolutionGuid = {EEA5D219-D335-47A6-A034-9DF651ADB3FA}
	EndGlobalSection
EndGlobal
